
Microsoft Visual Studio Solution File, Format Version 12.00
# Visual Studio Version 17
VisualStudioVersion = 17.4.33213.308
MinimumVisualStudioVersion = 10.0.40219.1
Project("{FAE04EC0-301F-11D3-BF4B-00C04F79EFBC}") = "ApplicationDevelopment", "ApplicationDevelopment\ApplicationDevelopment.csproj", "{5AFF1BF3-79D6-4BCF-BA40-54AEB4DCA3A9}"
EndProject
Global
	GlobalSection(SolutionConfigurationPlatforms) = preSolution
		Debug|Any CPU = Debug|Any CPU
		Release|Any CPU = Release|Any CPU
	EndGlobalSection
	GlobalSection(ProjectConfigurationPlatforms) = postSolution
		{5AFF1BF3-79D6-4BCF-BA40-54AEB4DCA3A9}.Debug|Any CPU.ActiveCfg = Debug|Any CPU
		{5AFF1BF3-79D6-4BCF-BA40-54AEB4DCA3A9}.Debug|Any CPU.Build.0 = Debug|Any CPU
		{5AFF1BF3-79D6-4BCF-BA40-54AEB4DCA3A9}.Release|Any CPU.ActiveCfg = Release|Any CPU
		{5AFF1BF3-79D6-4BCF-BA40-54AEB4DCA3A9}.Release|Any CPU.Build.0 = Release|Any CPU
	EndGlobalSection
	GlobalSection(SolutionProperties) = preSolution
		HideSolutionNode = FALSE
	EndGlobalSection
	GlobalSection(ExtensibilityGlobals) = postSolution
		SolutionGuid = {F8209AC0-04AC-457A-AA3E-5A5CE7C4DB02}
	EndGlobalSection
EndGlobal
